dependencies:
- name: backend
  repository: file://charts/backend
  version: 0.1.0
- name: frontend
  repository: file://charts/frontend
  version: 0.1.1
- name: migrations
  repository: file://charts/migrations
  version: 0.1.1
- name: dragonfly
  repository: oci://ghcr.io/dragonflydb/dragonfly/helm
  version: v1.25.4
- name: postgresql
  repository: oci://registry-1.docker.io/bitnamicharts
  version: 16.2.3
digest: sha256:1fec1e899256f851c57181c4a286ad7d48086a743dc170b85c81225f3336bffe
generated: "2024-12-27T19:32:03.938883-08:00"
